# This file is automatically @generated by Cargo.
# It is not intended for manual editing.
[[package]]
name = "mcio"
version = "0.1.2"
source = "registry+https://github.com/rust-lang/crates.io-index"
checksum = "c05f193170a1439ca58bc151db6ce15ff1775099af4d4b5936e34aa031263969"

[[package]]
name = "spctra"
version = "0.1.0"
dependencies = [
 "mcio",
]
